github.com/davidbanham/human_duration v1.2.0 h1:V44AcXuUD59hqBghU9O8B/oOUh5EXBSPBruQsLWHbYI=
github.com/davidbanham/human_duration v1.2.0/go.mod h1:BkH4YDdlV0jHVPzoze0oQNHZ70zLMJ4B/RQ04lVGEXI=
github.com/rs/zerolog v1.13.0 h1:hSNcYHyxDWycfePW7pUI8swuFkcSMPKh3E63Pokg1Hk=
github.com/rs/zerolog v1.13.0/go.mod h1:YbFCdg8HfsridGWAh22vktObvhZbQsZXe4/zB0OKkWU=
github.com/ybbus/jsonrpc v2.1.2+incompatible h1:V4mkE9qhbDQ92/MLMIhlhMSbz8jNXdagC3xBR5NDwaQ=
github.com/ybbus/jsonrpc v2.1.2+incompatible/go.mod h1:XJrh1eMSzdIYFbM08flv0wp5G35eRniyeGut1z+LSiE=
